
Microsoft Visual Studio Solution File, Format Version 12.00
# Visual Studio 15
VisualStudioVersion = 15.0.28307.539
MinimumVisualStudioVersion = 10.0.40219.1
Project("{FAE04EC0-301F-11D3-BF4B-00C04F79EFBC}") = "LoadDist", "LoadDist\LoadDist.csproj", "{70BE59EB-4AFF-4F6C-BE14-ABC4CA041548}"
EndProject
Project("{FAE04EC0-301F-11D3-BF4B-00C04F79EFBC}") = "LoadDist.Tests", "LoadDist.Tests\LoadDist.Tests.csproj", "{26689F9F-F6B5-4320-B4C9-BF3E62D97246}"
EndProject
Global
	GlobalSection(SolutionConfigurationPlatforms) = preSolution
		Debug|Any CPU = Debug|Any CPU
		Release|Any CPU = Release|Any CPU
	EndGlobalSection
	GlobalSection(ProjectConfigurationPlatforms) = postSolution
		{70BE59EB-4AFF-4F6C-BE14-ABC4CA041548}.Debug|Any CPU.ActiveCfg = Debug|Any CPU
		{70BE59EB-4AFF-4F6C-BE14-ABC4CA041548}.Debug|Any CPU.Build.0 = Debug|Any CPU
		{70BE59EB-4AFF-4F6C-BE14-ABC4CA041548}.Release|Any CPU.ActiveCfg = Release|Any CPU
		{70BE59EB-4AFF-4F6C-BE14-ABC4CA041548}.Release|Any CPU.Build.0 = Release|Any CPU
		{26689F9F-F6B5-4320-B4C9-BF3E62D97246}.Debug|Any CPU.ActiveCfg = Debug|Any CPU
		{26689F9F-F6B5-4320-B4C9-BF3E62D97246}.Debug|Any CPU.Build.0 = Debug|Any CPU
		{26689F9F-F6B5-4320-B4C9-BF3E62D97246}.Release|Any CPU.ActiveCfg = Release|Any CPU
		{26689F9F-F6B5-4320-B4C9-BF3E62D97246}.Release|Any CPU.Build.0 = Release|Any CPU
	EndGlobalSection
	GlobalSection(SolutionProperties) = preSolution
		HideSolutionNode = FALSE
	EndGlobalSection
	GlobalSection(ExtensibilityGlobals) = postSolution
		SolutionGuid = {85876749-7ACF-4736-A36D-0987076FF048}
	EndGlobalSection
EndGlobal
